
Microsoft Visual Studio Solution File, Format Version 12.00
# Visual Studio 2012
Project("{FAE04EC0-301F-11D3-BF4B-00C04F79EFBC}") = "Login", "Login\Login.csproj", "{C502C894-D068-4DF4-85BA-DD1CA4583874}"
EndProject
Project("{FAE04EC0-301F-11D3-BF4B-00C04F79EFBC}") = "COMMON", "COMMON\COMMON.csproj", "{AFDDD028-FF4B-4618-B3D9-51E4D0E9AAA4}"
EndProject
Global
	GlobalSection(SolutionConfigurationPlatforms) = preSolution
		Debug|Any CPU = Debug|Any CPU
		Release|Any CPU = Release|Any CPU
	EndGlobalSection
	GlobalSection(ProjectConfigurationPlatforms) = postSolution
		{C502C894-D068-4DF4-85BA-DD1CA4583874}.Debug|Any CPU.ActiveCfg = Debug|Any CPU
		{C502C894-D068-4DF4-85BA-DD1CA4583874}.Debug|Any CPU.Build.0 = Debug|Any CPU
		{C502C894-D068-4DF4-85BA-DD1CA4583874}.Release|Any CPU.ActiveCfg = Release|Any CPU
		{C502C894-D068-4DF4-85BA-DD1CA4583874}.Release|Any CPU.Build.0 = Release|Any CPU
		{AFDDD028-FF4B-4618-B3D9-51E4D0E9AAA4}.Debug|Any CPU.ActiveCfg = Debug|Any CPU
		{AFDDD028-FF4B-4618-B3D9-51E4D0E9AAA4}.Debug|Any CPU.Build.0 = Debug|Any CPU
		{AFDDD028-FF4B-4618-B3D9-51E4D0E9AAA4}.Release|Any CPU.ActiveCfg = Release|Any CPU
		{AFDDD028-FF4B-4618-B3D9-51E4D0E9AAA4}.Release|Any CPU.Build.0 = Release|Any CPU
	EndGlobalSection
	GlobalSection(SolutionProperties) = preSolution
		HideSolutionNode = FALSE
	EndGlobalSection
EndGlobal
